
Microsoft Visual Studio Solution File, Format Version 12.00
# Visual Studio Version 17
VisualStudioVersion = 17.11.35312.102
MinimumVisualStudioVersion = 10.0.40219.1
Project("{FAE04EC0-301F-11D3-BF4B-00C04F79EFBC}") = "WinFormsApp1", "WinFormsApp1.csproj", "{8ABBDD74-08AE-4E9B-89EE-C09E39DE681F}"
EndProject
Global
	GlobalSection(SolutionConfigurationPlatforms) = preSolution
		Debug|Any CPU = Debug|Any CPU
		Release|Any CPU = Release|Any CPU
	EndGlobalSection
	GlobalSection(ProjectConfigurationPlatforms) = postSolution
		{8ABBDD74-08AE-4E9B-89EE-C09E39DE681F}.Debug|Any CPU.ActiveCfg = Debug|Any CPU
		{8ABBDD74-08AE-4E9B-89EE-C09E39DE681F}.Debug|Any CPU.Build.0 = Debug|Any CPU
		{8ABBDD74-08AE-4E9B-89EE-C09E39DE681F}.Release|Any CPU.ActiveCfg = Release|Any CPU
		{8ABBDD74-08AE-4E9B-89EE-C09E39DE681F}.Release|Any CPU.Build.0 = Release|Any CPU
	EndGlobalSection
	GlobalSection(SolutionProperties) = preSolution
		HideSolutionNode = FALSE
	EndGlobalSection
	GlobalSection(ExtensibilityGlobals) = postSolution
		SolutionGuid = {3E03482D-C8FF-4329-847B-D75877D8B30E}
	EndGlobalSection
EndGlobal
